
Microsoft Visual Studio Solution File, Format Version 12.00
# Visual Studio Version 16
VisualStudioVersion = 16.0.28803.202
MinimumVisualStudioVersion = 10.0.40219.1
Project("{9A19103F-16F7-4668-BE54-9A1E7A4F7556}") = "Linkfire.PubSub.Publisher", "Linkfire.PubSub.Publisher\Linkfire.PubSub.Publisher.csproj", "{36D48A4D-1D8A-482A-A8FD-829DE2C458C6}"
EndProject
Project("{FAE04EC0-301F-11D3-BF4B-00C04F79EFBC}") = "Linkfire.PubSub.Enums", "Linkfire.PubSub.Enums\Linkfire.PubSub.Enums.csproj", "{BDC869C7-1D90-4A83-BD26-0436DB32CB31}"
EndProject
Project("{FAE04EC0-301F-11D3-BF4B-00C04F79EFBC}") = "Linkfire.PubSub.MessagingServer", "Linkfire.PubSub.MessagingServer\Linkfire.PubSub.MessagingServer.csproj", "{6F548794-44BC-4FD5-8662-57D77B4DE869}"
EndProject
Project("{FAE04EC0-301F-11D3-BF4B-00C04F79EFBC}") = "Linkfire.PubSub.Desktop.Subscriber", "Linkfire.PubSub.Desktop.Subscriber\Linkfire.PubSub.Desktop.Subscriber.csproj", "{9C8E6666-2279-4B22-8A25-D3342147F006}"
EndProject
Project("{FAE04EC0-301F-11D3-BF4B-00C04F79EFBC}") = "Linkfire.PubSub.Mobile.Subscriber", "Linkfire.PubSub.Mobile.Subscriber\Linkfire.PubSub.Mobile.Subscriber.csproj", "{F339F9A5-14B8-4CA2-ADFD-EF7886C40828}"
EndProject
Global
	GlobalSection(SolutionConfigurationPlatforms) = preSolution
		Debug|Any CPU = Debug|Any CPU
		Release|Any CPU = Release|Any CPU
	EndGlobalSection
	GlobalSection(ProjectConfigurationPlatforms) = postSolution
		{36D48A4D-1D8A-482A-A8FD-829DE2C458C6}.Debug|Any CPU.ActiveCfg = Debug|Any CPU
		{36D48A4D-1D8A-482A-A8FD-829DE2C458C6}.Debug|Any CPU.Build.0 = Debug|Any CPU
		{36D48A4D-1D8A-482A-A8FD-829DE2C458C6}.Release|Any CPU.ActiveCfg = Release|Any CPU
		{36D48A4D-1D8A-482A-A8FD-829DE2C458C6}.Release|Any CPU.Build.0 = Release|Any CPU
		{BDC869C7-1D90-4A83-BD26-0436DB32CB31}.Debug|Any CPU.ActiveCfg = Debug|Any CPU
		{BDC869C7-1D90-4A83-BD26-0436DB32CB31}.Debug|Any CPU.Build.0 = Debug|Any CPU
		{BDC869C7-1D90-4A83-BD26-0436DB32CB31}.Release|Any CPU.ActiveCfg = Release|Any CPU
		{BDC869C7-1D90-4A83-BD26-0436DB32CB31}.Release|Any CPU.Build.0 = Release|Any CPU
		{6F548794-44BC-4FD5-8662-57D77B4DE869}.Debug|Any CPU.ActiveCfg = Debug|Any CPU
		{6F548794-44BC-4FD5-8662-57D77B4DE869}.Debug|Any CPU.Build.0 = Debug|Any CPU
		{6F548794-44BC-4FD5-8662-57D77B4DE869}.Release|Any CPU.ActiveCfg = Release|Any CPU
		{6F548794-44BC-4FD5-8662-57D77B4DE869}.Release|Any CPU.Build.0 = Release|Any CPU
		{9C8E6666-2279-4B22-8A25-D3342147F006}.Debug|Any CPU.ActiveCfg = Debug|Any CPU
		{9C8E6666-2279-4B22-8A25-D3342147F006}.Debug|Any CPU.Build.0 = Debug|Any CPU
		{9C8E6666-2279-4B22-8A25-D3342147F006}.Release|Any CPU.ActiveCfg = Release|Any CPU
		{9C8E6666-2279-4B22-8A25-D3342147F006}.Release|Any CPU.Build.0 = Release|Any CPU
		{F339F9A5-14B8-4CA2-ADFD-EF7886C40828}.Debug|Any CPU.ActiveCfg = Debug|Any CPU
		{F339F9A5-14B8-4CA2-ADFD-EF7886C40828}.Debug|Any CPU.Build.0 = Debug|Any CPU
		{F339F9A5-14B8-4CA2-ADFD-EF7886C40828}.Release|Any CPU.ActiveCfg = Release|Any CPU
		{F339F9A5-14B8-4CA2-ADFD-EF7886C40828}.Release|Any CPU.Build.0 = Release|Any CPU
	EndGlobalSection
	GlobalSection(SolutionProperties) = preSolution
		HideSolutionNode = FALSE
	EndGlobalSection
	GlobalSection(ExtensibilityGlobals) = postSolution
		SolutionGuid = {513C0F82-1A50-409E-92FA-BAFEE9CE23ED}
	EndGlobalSection
EndGlobal
